
Microsoft Visual Studio Solution File, Format Version 12.00
# Visual Studio 15
VisualStudioVersion = 15.0.28307.421
MinimumVisualStudioVersion = 10.0.40219.1
Project("{FAE04EC0-301F-11D3-BF4B-00C04F79EFBC}") = "LargeEDIFileReader", "LargeEDIFileReader\LargeEDIFileReader.csproj", "{AF395135-BC40-47DD-B401-2F52A30769F7}"
EndProject
Project("{FAE04EC0-301F-11D3-BF4B-00C04F79EFBC}") = "LargeEDIReader_Tests", "LargeEDIReader_Tests\LargeEDIReader_Tests.csproj", "{F9927202-8903-423E-9BBF-EFC03359EA4D}"
EndProject
Global
	GlobalSection(SolutionConfigurationPlatforms) = preSolution
		Debug|Any CPU = Debug|Any CPU
		Release|Any CPU = Release|Any CPU
	EndGlobalSection
	GlobalSection(ProjectConfigurationPlatforms) = postSolution
		{AF395135-BC40-47DD-B401-2F52A30769F7}.Debug|Any CPU.ActiveCfg = Debug|Any CPU
		{AF395135-BC40-47DD-B401-2F52A30769F7}.Debug|Any CPU.Build.0 = Debug|Any CPU
		{AF395135-BC40-47DD-B401-2F52A30769F7}.Release|Any CPU.ActiveCfg = Release|Any CPU
		{AF395135-BC40-47DD-B401-2F52A30769F7}.Release|Any CPU.Build.0 = Release|Any CPU
		{F9927202-8903-423E-9BBF-EFC03359EA4D}.Debug|Any CPU.ActiveCfg = Debug|Any CPU
		{F9927202-8903-423E-9BBF-EFC03359EA4D}.Debug|Any CPU.Build.0 = Debug|Any CPU
		{F9927202-8903-423E-9BBF-EFC03359EA4D}.Release|Any CPU.ActiveCfg = Release|Any CPU
		{F9927202-8903-423E-9BBF-EFC03359EA4D}.Release|Any CPU.Build.0 = Release|Any CPU
	EndGlobalSection
	GlobalSection(SolutionProperties) = preSolution
		HideSolutionNode = FALSE
	EndGlobalSection
	GlobalSection(ExtensibilityGlobals) = postSolution
		SolutionGuid = {03DE5E67-53B6-48D3-B74F-6EE404632720}
	EndGlobalSection
EndGlobal
